
Microsoft Visual Studio Solution File, Format Version 12.00
# Visual Studio Version 17
VisualStudioVersion = 17.2.32519.379
MinimumVisualStudioVersion = 10.0.40219.1
Project("{FAE04EC0-301F-11D3-BF4B-00C04F79EFBC}") = "Waffle's Weapons", "ExtraAlts\Waffle's Weapons.csproj", "{3B125B5E-1432-45FD-BBB9-AECDD67EE054}"
EndProject
Global
	GlobalSection(SolutionConfigurationPlatforms) = preSolution
		Debug|Any CPU = Debug|Any CPU
		Release|Any CPU = Release|Any CPU
	EndGlobalSection
	GlobalSection(ProjectConfigurationPlatforms) = postSolution
		{3B125B5E-1432-45FD-BBB9-AECDD67EE054}.Debug|Any CPU.ActiveCfg = Debug|Any CPU
		{3B125B5E-1432-45FD-BBB9-AECDD67EE054}.Debug|Any CPU.Build.0 = Debug|Any CPU
		{3B125B5E-1432-45FD-BBB9-AECDD67EE054}.Release|Any CPU.ActiveCfg = Release|Any CPU
		{3B125B5E-1432-45FD-BBB9-AECDD67EE054}.Release|Any CPU.Build.0 = Release|Any CPU
	EndGlobalSection
	GlobalSection(SolutionProperties) = preSolution
		HideSolutionNode = FALSE
	EndGlobalSection
	GlobalSection(ExtensibilityGlobals) = postSolution
		SolutionGuid = {F7F4041D-FDA1-49AA-84D8-FC2FB072192F}
	EndGlobalSection
EndGlobal
